# This file is autogenerated, do not edit; changes may be undone by the next 'dep ensure'.


[[projects]]
  name = "github.com/eclipse/paho.mqtt.golang"
  packages = [
    ".",
    "packets"
  ]
  revision = "36d01c2b4cbeb3d2a12063e4880ce30800af9560"
  version = "v1.1.1"

[[projects]]
  branch = "dev"
  name = "gocv.io/x/gocv"
  packages = [
    ".",
    "openvino"
  ]
  revision = "31bfec2476f13763b30ef519daba5f67a3a3d17e"

[[projects]]
  branch = "master"
  name = "golang.org/x/net"
  packages = [
    "internal/socks",
    "proxy",
    "websocket"
  ]
  revision = "e147a9138326bc0e9d4e179541ffd8af41cff8a9"

[solve-meta]
  analyzer-name = "dep"
  analyzer-version = 1
  inputs-digest = "27372bacf3554417c9a85bf5aa3abac2133827d2f1ec8f53722eb38e4b00221f"
  solver-name = "gps-cdcl"
  solver-version = 1
